
Microsoft Visual Studio Solution File, Format Version 12.00
# Visual Studio Version 17
VisualStudioVersion = 17.11.35312.102
MinimumVisualStudioVersion = 10.0.40219.1
Project("{FAE04EC0-301F-11D3-BF4B-00C04F79EFBC}") = "BootstrapEjemplo3", "BootstrapEjemplo3\BootstrapEjemplo3.csproj", "{C85EF225-4CA4-45B1-9B26-4B5CB1FDF003}"
EndProject
Project("{2150E333-8FDC-42A3-9474-1A3956D46DE8}") = "Elementos de la solución", "Elementos de la solución", "{B07625B0-BBB1-473C-8411-332C894D29E5}"
EndProject
Project("{FAE04EC0-301F-11D3-BF4B-00C04F79EFBC}") = "dominio", "dominio\dominio.csproj", "{692D0B10-94B7-4451-AC40-6A2082A7B2F6}"
EndProject
Global
	GlobalSection(SolutionConfigurationPlatforms) = preSolution
		Debug|Any CPU = Debug|Any CPU
		Release|Any CPU = Release|Any CPU
	EndGlobalSection
	GlobalSection(ProjectConfigurationPlatforms) = postSolution
		{C85EF225-4CA4-45B1-9B26-4B5CB1FDF003}.Debug|Any CPU.ActiveCfg = Debug|Any CPU
		{C85EF225-4CA4-45B1-9B26-4B5CB1FDF003}.Debug|Any CPU.Build.0 = Debug|Any CPU
		{C85EF225-4CA4-45B1-9B26-4B5CB1FDF003}.Release|Any CPU.ActiveCfg = Release|Any CPU
		{C85EF225-4CA4-45B1-9B26-4B5CB1FDF003}.Release|Any CPU.Build.0 = Release|Any CPU
		{692D0B10-94B7-4451-AC40-6A2082A7B2F6}.Debug|Any CPU.ActiveCfg = Debug|Any CPU
		{692D0B10-94B7-4451-AC40-6A2082A7B2F6}.Debug|Any CPU.Build.0 = Debug|Any CPU
		{692D0B10-94B7-4451-AC40-6A2082A7B2F6}.Release|Any CPU.ActiveCfg = Release|Any CPU
		{692D0B10-94B7-4451-AC40-6A2082A7B2F6}.Release|Any CPU.Build.0 = Release|Any CPU
	EndGlobalSection
	GlobalSection(SolutionProperties) = preSolution
		HideSolutionNode = FALSE
	EndGlobalSection
	GlobalSection(ExtensibilityGlobals) = postSolution
		SolutionGuid = {5D368902-5346-43D0-9969-4FD8155B0DA2}
	EndGlobalSection
EndGlobal
